
Microsoft Visual Studio Solution File, Format Version 12.00
# Visual Studio Version 17
VisualStudioVersion = 17.9.34701.34
MinimumVisualStudioVersion = 10.0.40219.1
Project("{FAE04EC0-301F-11D3-BF4B-00C04F79EFBC}") = "DotNetTask", "DotNetTask\DotNetTask.csproj", "{EE932EC4-F761-4D89-B0B3-1636DF08BC57}"
EndProject
Global
	GlobalSection(SolutionConfigurationPlatforms) = preSolution
		Debug|Any CPU = Debug|Any CPU
		Release|Any CPU = Release|Any CPU
	EndGlobalSection
	GlobalSection(ProjectConfigurationPlatforms) = postSolution
		{EE932EC4-F761-4D89-B0B3-1636DF08BC57}.Debug|Any CPU.ActiveCfg = Debug|Any CPU
		{EE932EC4-F761-4D89-B0B3-1636DF08BC57}.Debug|Any CPU.Build.0 = Debug|Any CPU
		{EE932EC4-F761-4D89-B0B3-1636DF08BC57}.Release|Any CPU.ActiveCfg = Release|Any CPU
		{EE932EC4-F761-4D89-B0B3-1636DF08BC57}.Release|Any CPU.Build.0 = Release|Any CPU
	EndGlobalSection
	GlobalSection(SolutionProperties) = preSolution
		HideSolutionNode = FALSE
	EndGlobalSection
	GlobalSection(ExtensibilityGlobals) = postSolution
		SolutionGuid = {6AFAD937-2924-4CA0-9BDD-3AA89BD7683B}
	EndGlobalSection
EndGlobal
